
Microsoft Visual Studio Solution File, Format Version 12.00
# Visual Studio Version 17
VisualStudioVersion = 17.1.32328.378
MinimumVisualStudioVersion = 10.0.40219.1
Project("{9A19103F-16F7-4668-BE54-9A1E7A4F7556}") = "Observer", "Observer\Observer.csproj", "{390D3EBC-DB3D-461D-9AF3-69C77FB1A766}"
EndProject
Project("{FAE04EC0-301F-11D3-BF4B-00C04F79EFBC}") = "ObserverImproved", "ObserverImproved\ObserverImproved.csproj", "{9469AFE6-8594-4FDD-ADA4-BFE2328DB807}"
EndProject
Global
	GlobalSection(SolutionConfigurationPlatforms) = preSolution
		Debug|Any CPU = Debug|Any CPU
		Release|Any CPU = Release|Any CPU
	EndGlobalSection
	GlobalSection(ProjectConfigurationPlatforms) = postSolution
		{390D3EBC-DB3D-461D-9AF3-69C77FB1A766}.Debug|Any CPU.ActiveCfg = Debug|Any CPU
		{390D3EBC-DB3D-461D-9AF3-69C77FB1A766}.Debug|Any CPU.Build.0 = Debug|Any CPU
		{390D3EBC-DB3D-461D-9AF3-69C77FB1A766}.Release|Any CPU.ActiveCfg = Release|Any CPU
		{390D3EBC-DB3D-461D-9AF3-69C77FB1A766}.Release|Any CPU.Build.0 = Release|Any CPU
		{9469AFE6-8594-4FDD-ADA4-BFE2328DB807}.Debug|Any CPU.ActiveCfg = Debug|Any CPU
		{9469AFE6-8594-4FDD-ADA4-BFE2328DB807}.Debug|Any CPU.Build.0 = Debug|Any CPU
		{9469AFE6-8594-4FDD-ADA4-BFE2328DB807}.Release|Any CPU.ActiveCfg = Release|Any CPU
		{9469AFE6-8594-4FDD-ADA4-BFE2328DB807}.Release|Any CPU.Build.0 = Release|Any CPU
	EndGlobalSection
	GlobalSection(SolutionProperties) = preSolution
		HideSolutionNode = FALSE
	EndGlobalSection
	GlobalSection(ExtensibilityGlobals) = postSolution
		SolutionGuid = {C83D3A19-C43A-410B-A7C5-06E5E3B524EB}
	EndGlobalSection
EndGlobal
